// !$*UTF8*$!
{
	archiveVersion = 1;
	classes = {
	};
	objectVersion = 46;
	objects = {

/* Begin PBXBuildFile section */
		B7B4AC8B1A0A9E38008BA39E /* AppDelegate.swift in Sources */ = {isa = PBXBuildFile; fileRef = B7B4AC8A1A0A9E38008BA39E /* AppDelegate.swift */; };
		B7B4AC8F1A0A9E38008BA39E /* GameScene.swift in Sources */ = {isa = PBXBuildFile; fileRef = B7B4AC8E1A0A9E38008BA39E /* GameScene.swift */; };
		B7B4AC911A0A9E38008BA39E /* TimedGameViewController.swift in Sources */ = {isa = PBXBuildFile; fileRef = B7B4AC901A0A9E38008BA39E /* TimedGameViewController.swift */; };
		B7B4AC941A0A9E38008BA39E /* Main.storyboard in Resources */ = {isa = PBXBuildFile; fileRef = B7B4AC921A0A9E38008BA39E /* Main.storyboard */; };
		B7B4AC961A0A9E38008BA39E /* Images.xcassets in Resources */ = {isa = PBXBuildFile; fileRef = B7B4AC951A0A9E38008BA39E /* Images.xcassets */; };
		B7B4AC991A0A9E38008BA39E /* LaunchScreen.xib in Resources */ = {isa = PBXBuildFile; fileRef = B7B4AC971A0A9E38008BA39E /* LaunchScreen.xib */; };
		B7B4ACA51A0A9E38008BA39E /* Sloth_DropTests.swift in Sources */ = {isa = PBXBuildFile; fileRef = B7B4ACA41A0A9E38008BA39E /* Sloth_DropTests.swift */; };
		B7B4ACB41A0AB1D1008BA39E /* bomb.mp3 in Resources */ = {isa = PBXBuildFile; fileRef = B7B4ACAF1A0AB1D1008BA39E /* bomb.mp3 */; };
		B7B4ACB51A0AB1D1008BA39E /* drop.mp3 in Resources */ = {isa = PBXBuildFile; fileRef = B7B4ACB01A0AB1D1008BA39E /* drop.mp3 */; };
		B7B4ACB61A0AB1D1008BA39E /* gameover.mp3 in Resources */ = {isa = PBXBuildFile; fileRef = B7B4ACB11A0AB1D1008BA39E /* gameover.mp3 */; };
		B7B4ACB71A0AB1D1008BA39E /* levelup.mp3 in Resources */ = {isa = PBXBuildFile; fileRef = B7B4ACB21A0AB1D1008BA39E /* levelup.mp3 */; };
		B7B4ACB81A0AB1D1008BA39E /* theme.mp3 in Resources */ = {isa = PBXBuildFile; fileRef = B7B4ACB31A0AB1D1008BA39E /* theme.mp3 */; };
		B7B4ACBA1A0AB38E008BA39E /* Sprites.atlas in Resources */ = {isa = PBXBuildFile; fileRef = B7B4ACB91A0AB38E008BA39E /* Sprites.atlas */; };
		B7B4ACC11A0AB42E008BA39E /* background.png in Resources */ = {isa = PBXBuildFile; fileRef = B7B4ACBB1A0AB42E008BA39E /* background.png */; };
		B7B4ACC21A0AB42E008BA39E /* background@2x.png in Resources */ = {isa = PBXBuildFile; fileRef = B7B4ACBC1A0AB42E008BA39E /* background@2x.png */; };
		B7B4ACC31A0AB42E008BA39E /* gameboard.png in Resources */ = {isa = PBXBuildFile; fileRef = B7B4ACBD1A0AB42E008BA39E /* gameboard.png */; };
		B7B4ACC41A0AB42E008BA39E /* gameboard@2x.png in Resources */ = {isa = PBXBuildFile; fileRef = B7B4ACBE1A0AB42E008BA39E /* gameboard@2x.png */; };
		B7B4ACC51A0AB42E008BA39E /* whitebg.png in Resources */ = {isa = PBXBuildFile; fileRef = B7B4ACBF1A0AB42E008BA39E /* whitebg.png */; };
		B7B4ACC61A0AB42E008BA39E /* whitebg@2x.png in Resources */ = {isa = PBXBuildFile; fileRef = B7B4ACC01A0AB42E008BA39E /* whitebg@2x.png */; };
		B7B4ACC81A0AC854008BA39E /* Array2D.swift in Sources */ = {isa = PBXBuildFile; fileRef = B7B4ACC71A0AC854008BA39E /* Array2D.swift */; };
		B7B4ACCA1A0AD0E5008BA39E /* Block.swift in Sources */ = {isa = PBXBuildFile; fileRef = B7B4ACC91A0AD0E5008BA39E /* Block.swift */; };
		B7B4ACCC1A0AD74D008BA39E /* Shape.swift in Sources */ = {isa = PBXBuildFile; fileRef = B7B4ACCB1A0AD74D008BA39E /* Shape.swift */; };
		B7B4ACCE1A0C6C14008BA39E /* SquareShape.swift in Sources */ = {isa = PBXBuildFile; fileRef = B7B4ACCD1A0C6C14008BA39E /* SquareShape.swift */; };
		B7B4ACD01A0C6E4A008BA39E /* TShape.swift in Sources */ = {isa = PBXBuildFile; fileRef = B7B4ACCF1A0C6E4A008BA39E /* TShape.swift */; };
		B7B4ACD21A0C6E9F008BA39E /* LineShape.swift in Sources */ = {isa = PBXBuildFile; fileRef = B7B4ACD11A0C6E9F008BA39E /* LineShape.swift */; };
		B7B4ACD41A0C6EEE008BA39E /* LShape.swift in Sources */ = {isa = PBXBuildFile; fileRef = B7B4ACD31A0C6EEE008BA39E /* LShape.swift */; };
		B7B4ACD61A0C6F8B008BA39E /* JShape.swift in Sources */ = {isa = PBXBuildFile; fileRef = B7B4ACD51A0C6F8B008BA39E /* JShape.swift */; };
		B7B4ACD81A0C701B008BA39E /* SShape.swift in Sources */ = {isa = PBXBuildFile; fileRef = B7B4ACD71A0C701B008BA39E /* SShape.swift */; };
		B7B4ACDA1A0C7031008BA39E /* ZShape.swift in Sources */ = {isa = PBXBuildFile; fileRef = B7B4ACD91A0C7031008BA39E /* ZShape.swift */; };
		B7B4ACDC1A0C761C008BA39E /* Swiftris.swift in Sources */ = {isa = PBXBuildFile; fileRef = B7B4ACDB1A0C761C008BA39E /* Swiftris.swift */; };
		B7B4ACDE1A0EE7E5008BA39E /* GameSelectViewController.swift in Sources */ = {isa = PBXBuildFile; fileRef = B7B4ACDD1A0EE7E5008BA39E /* GameSelectViewController.swift */; };
		B7B4ACE01A11F1BB008BA39E /* ClassicGameViewController.swift in Sources */ = {isa = PBXBuildFile; fileRef = B7B4ACDF1A11F1BB008BA39E /* ClassicGameViewController.swift */; };
		B7B4ACE21A140CF8008BA39E /* GameKit.framework in Frameworks */ = {isa = PBXBuildFile; fileRef = B7B4ACE11A140CF8008BA39E /* GameKit.framework */; };
		B7D62F151A1EE4720051310A /* EndGameViewController.swift in Sources */ = {isa = PBXBuildFile; fileRef = B7D62F141A1EE4720051310A /* EndGameViewController.swift */; };
/* End PBXBuildFile section */

/* Begin PBXContainerItemProxy section */
		B7B4AC9F1A0A9E38008BA39E /* PBXContainerItemProxy */ = {
			isa = PBXContainerItemProxy;
			containerPortal = B7B4AC7D1A0A9E38008BA39E /* Project object */;
			proxyType = 1;
			remoteGlobalIDString = B7B4AC841A0A9E38008BA39E;
			remoteInfo = "Sloth Drop";
		};
/* End PBXContainerItemProxy section */

/* Begin PBXFileReference section */
		B7B4AC851A0A9E38008BA39E /* Sloth Drop.app */ = {isa = PBXFileReference; explicitFileType = wrapper.application; includeInIndex = 0; path = "Sloth Drop.app"; sourceTree = BUILT_PRODUCTS_DIR; };
		B7B4AC891A0A9E38008BA39E /* Info.plist */ = {isa = PBXFileReference; lastKnownFileType = text.plist.xml; path = Info.plist; sourceTree = "<group>"; };
		B7B4AC8A1A0A9E38008BA39E /* AppDelegate.swift */ = {isa = PBXFileReference; lastKnownFileType = sourcecode.swift; path = AppDelegate.swift; sourceTree = "<group>"; };
		B7B4AC8E1A0A9E38008BA39E /* GameScene.swift */ = {isa = PBXFileReference; lastKnownFileType = sourcecode.swift; path = GameScene.swift; sourceTree = "<group>"; };
		B7B4AC901A0A9E38008BA39E /* TimedGameViewController.swift */ = {isa = PBXFileReference; lastKnownFileType = sourcecode.swift; path = TimedGameViewController.swift; sourceTree = "<group>"; };
		B7B4AC931A0A9E38008BA39E /* Base */ = {isa = PBXFileReference; lastKnownFileType = file.storyboard; name = Base; path = Base.lproj/Main.storyboard; sourceTree = "<group>"; };
		B7B4AC951A0A9E38008BA39E /* Images.xcassets */ = {isa = PBXFileReference; lastKnownFileType = folder.assetcatalog; path = Images.xcassets; sourceTree = "<group>"; };
		B7B4AC981A0A9E38008BA39E /* Base */ = {isa = PBXFileReference; lastKnownFileType = file.xib; name = Base; path = Base.lproj/LaunchScreen.xib; sourceTree = "<group>"; };
		B7B4AC9E1A0A9E38008BA39E /* Sloth DropTests.xctest */ = {isa = PBXFileReference; explicitFileType = wrapper.cfbundle; includeInIndex = 0; path = "Sloth DropTests.xctest"; sourceTree = BUILT_PRODUCTS_DIR; };
		B7B4ACA31A0A9E38008BA39E /* Info.plist */ = {isa = PBXFileReference; lastKnownFileType = text.plist.xml; path = Info.plist; sourceTree = "<group>"; };
		B7B4ACA41A0A9E38008BA39E /* Sloth_DropTests.swift */ = {isa = PBXFileReference; lastKnownFileType = sourcecode.swift; path = Sloth_DropTests.swift; sourceTree = "<group>"; };
		B7B4ACAF1A0AB1D1008BA39E /* bomb.mp3 */ = {isa = PBXFileReference; lastKnownFileType = audio.mp3; path = bomb.mp3; sourceTree = "<group>"; };
		B7B4ACB01A0AB1D1008BA39E /* drop.mp3 */ = {isa = PBXFileReference; lastKnownFileType = audio.mp3; path = drop.mp3; sourceTree = "<group>"; };
		B7B4ACB11A0AB1D1008BA39E /* gameover.mp3 */ = {isa = PBXFileReference; lastKnownFileType = audio.mp3; path = gameover.mp3; sourceTree = "<group>"; };
		B7B4ACB21A0AB1D1008BA39E /* levelup.mp3 */ = {isa = PBXFileReference; lastKnownFileType = audio.mp3; path = levelup.mp3; sourceTree = "<group>"; };
		B7B4ACB31A0AB1D1008BA39E /* theme.mp3 */ = {isa = PBXFileReference; lastKnownFileType = audio.mp3; path = theme.mp3; sourceTree = "<group>"; };
		B7B4ACB91A0AB38E008BA39E /* Sprites.atlas */ = {isa = PBXFileReference; lastKnownFileType = folder.skatlas; path = Sprites.atlas; sourceTree = "<group>"; };
		B7B4ACBB1A0AB42E008BA39E /* background.png */ = {isa = PBXFileReference; lastKnownFileType = image.png; path = background.png; sourceTree = "<group>"; };
		B7B4ACBC1A0AB42E008BA39E /* background@2x.png */ = {isa = PBXFileReference; lastKnownFileType = image.png; path = "background@2x.png"; sourceTree = "<group>"; };
		B7B4ACBD1A0AB42E008BA39E /* gameboard.png */ = {isa = PBXFileReference; lastKnownFileType = image.png; path = gameboard.png; sourceTree = "<group>"; };
		B7B4ACBE1A0AB42E008BA39E /* gameboard@2x.png */ = {isa = PBXFileReference; lastKnownFileType = image.png; path = "gameboard@2x.png"; sourceTree = "<group>"; };
		B7B4ACBF1A0AB42E008BA39E /* whitebg.png */ = {isa = PBXFileReference; lastKnownFileType = image.png; path = whitebg.png; sourceTree = "<group>"; };
		B7B4ACC01A0AB42E008BA39E /* whitebg@2x.png */ = {isa = PBXFileReference; lastKnownFileType = image.png; path = "whitebg@2x.png"; sourceTree = "<group>"; };
		B7B4ACC71A0AC854008BA39E /* Array2D.swift */ = {isa = PBXFileReference; fileEncoding = 4; lastKnownFileType = sourcecode.swift; path = Array2D.swift; sourceTree = "<group>"; };
		B7B4ACC91A0AD0E5008BA39E /* Block.swift */ = {isa = PBXFileReference; fileEncoding = 4; lastKnownFileType = sourcecode.swift; path = Block.swift; sourceTree = "<group>"; };
		B7B4ACCB1A0AD74D008BA39E /* Shape.swift */ = {isa = PBXFileReference; fileEncoding = 4; lastKnownFileType = sourcecode.swift; path = Shape.swift; sourceTree = "<group>"; };
		B7B4ACCD1A0C6C14008BA39E /* SquareShape.swift */ = {isa = PBXFileReference; fileEncoding = 4; lastKnownFileType = sourcecode.swift; path = SquareShape.swift; sourceTree = "<group>"; };
		B7B4ACCF1A0C6E4A008BA39E /* TShape.swift */ = {isa = PBXFileReference; fileEncoding = 4; lastKnownFileType = sourcecode.swift; path = TShape.swift; sourceTree = "<group>"; };
		B7B4ACD11A0C6E9F008BA39E /* LineShape.swift */ = {isa = PBXFileReference; fileEncoding = 4; lastKnownFileType = sourcecode.swift; path = LineShape.swift; sourceTree = "<group>"; };
		B7B4ACD31A0C6EEE008BA39E /* LShape.swift */ = {isa = PBXFileReference; fileEncoding = 4; lastKnownFileType = sourcecode.swift; path = LShape.swift; sourceTree = "<group>"; };
		B7B4ACD51A0C6F8B008BA39E /* JShape.swift */ = {isa = PBXFileReference; fileEncoding = 4; lastKnownFileType = sourcecode.swift; path = JShape.swift; sourceTree = "<group>"; };
		B7B4ACD71A0C701B008BA39E /* SShape.swift */ = {isa = PBXFileReference; fileEncoding = 4; lastKnownFileType = sourcecode.swift; path = SShape.swift; sourceTree = "<group>"; };
		B7B4ACD91A0C7031008BA39E /* ZShape.swift */ = {isa = PBXFileReference; fileEncoding = 4; lastKnownFileType = sourcecode.swift; path = ZShape.swift; sourceTree = "<group>"; };
		B7B4ACDB1A0C761C008BA39E /* Swiftris.swift */ = {isa = PBXFileReference; fileEncoding = 4; lastKnownFileType = sourcecode.swift; path = Swiftris.swift; sourceTree = "<group>"; };
		B7B4ACDD1A0EE7E5008BA39E /* GameSelectViewController.swift */ = {isa = PBXFileReference; fileEncoding = 4; lastKnownFileType = sourcecode.swift; path = GameSelectViewController.swift; sourceTree = "<group>"; };
		B7B4ACDF1A11F1BB008BA39E /* ClassicGameViewController.swift */ = {isa = PBXFileReference; fileEncoding = 4; lastKnownFileType = sourcecode.swift; path = ClassicGameViewController.swift; sourceTree = "<group>"; };
		B7B4ACE11A140CF8008BA39E /* GameKit.framework */ = {isa = PBXFileReference; lastKnownFileType = wrapper.framework; name = GameKit.framework; path = System/Library/Frameworks/GameKit.framework; sourceTree = SDKROOT; };
		B7D62F141A1EE4720051310A /* EndGameViewController.swift */ = {isa = PBXFileReference; fileEncoding = 4; lastKnownFileType = sourcecode.swift; path = EndGameViewController.swift; sourceTree = "<group>"; };
/* End PBXFileReference section */

/* Begin PBXFrameworksBuildPhase section */
		B7B4AC821A0A9E38008BA39E /* Frameworks */ = {
			isa = PBXFrameworksBuildPhase;
			buildActionMask = 2147483647;
			files = (
				B7B4ACE21A140CF8008BA39E /* GameKit.framework in Frameworks */,
			);
			runOnlyForDeploymentPostprocessing = 0;
		};
		B7B4AC9B1A0A9E38008BA39E /* Frameworks */ = {
			isa = PBXFrameworksBuildPhase;
			buildActionMask = 2147483647;
			files = (
			);
			runOnlyForDeploymentPostprocessing = 0;
		};
/* End PBXFrameworksBuildPhase section */

/* Begin PBXGroup section */
		B7B4AC7C1A0A9E38008BA39E = {
			isa = PBXGroup;
			children = (
				B7B4ACE11A140CF8008BA39E /* GameKit.framework */,
				B7B4AC871A0A9E38008BA39E /* Sloth Drop */,
				B7B4ACA11A0A9E38008BA39E /* Sloth DropTests */,
				B7B4AC861A0A9E38008BA39E /* Products */,
			);
			sourceTree = "<group>";
		};
		B7B4AC861A0A9E38008BA39E /* Products */ = {
			isa = PBXGroup;
			children = (
				B7B4AC851A0A9E38008BA39E /* Sloth Drop.app */,
				B7B4AC9E1A0A9E38008BA39E /* Sloth DropTests.xctest */,
			);
			name = Products;
			sourceTree = "<group>";
		};
		B7B4AC871A0A9E38008BA39E /* Sloth Drop */ = {
			isa = PBXGroup;
			children = (
				B7B4AC8A1A0A9E38008BA39E /* AppDelegate.swift */,
				B7B4AC8E1A0A9E38008BA39E /* GameScene.swift */,
				B7B4ACC91A0AD0E5008BA39E /* Block.swift */,
				B7B4ACCB1A0AD74D008BA39E /* Shape.swift */,
				B7B4ACCD1A0C6C14008BA39E /* SquareShape.swift */,
				B7B4ACCF1A0C6E4A008BA39E /* TShape.swift */,
				B7B4ACD11A0C6E9F008BA39E /* LineShape.swift */,
				B7B4ACD31A0C6EEE008BA39E /* LShape.swift */,
				B7B4ACD51A0C6F8B008BA39E /* JShape.swift */,
				B7B4ACD71A0C701B008BA39E /* SShape.swift */,
				B7B4ACD91A0C7031008BA39E /* ZShape.swift */,
				B7B4ACDB1A0C761C008BA39E /* Swiftris.swift */,
				B7B4ACDD1A0EE7E5008BA39E /* GameSelectViewController.swift */,
				B7B4AC901A0A9E38008BA39E /* TimedGameViewController.swift */,
				B7B4ACDF1A11F1BB008BA39E /* ClassicGameViewController.swift */,
				B7D62F141A1EE4720051310A /* EndGameViewController.swift */,
				B7B4ACC71A0AC854008BA39E /* Array2D.swift */,
				B7B4AC921A0A9E38008BA39E /* Main.storyboard */,
				B7B4AC951A0A9E38008BA39E /* Images.xcassets */,
				B7B4AC971A0A9E38008BA39E /* LaunchScreen.xib */,
				B7B4ACAE1A0AB1D1008BA39E /* Sounds */,
				B7B4ACB91A0AB38E008BA39E /* Sprites.atlas */,
				B7B4AC881A0A9E38008BA39E /* Supporting Files */,
			);
			path = "Sloth Drop";
			sourceTree = "<group>";
		};
		B7B4AC881A0A9E38008BA39E /* Supporting Files */ = {
			isa = PBXGroup;
			children = (
				B7B4ACBB1A0AB42E008BA39E /* background.png */,
				B7B4ACBC1A0AB42E008BA39E /* background@2x.png */,
				B7B4ACBD1A0AB42E008BA39E /* gameboard.png */,
				B7B4ACBE1A0AB42E008BA39E /* gameboard@2x.png */,
				B7B4ACBF1A0AB42E008BA39E /* whitebg.png */,
				B7B4ACC01A0AB42E008BA39E /* whitebg@2x.png */,
				B7B4AC891A0A9E38008BA39E /* Info.plist */,
			);
			name = "Supporting Files";
			sourceTree = "<group>";
		};
		B7B4ACA11A0A9E38008BA39E /* Sloth DropTests */ = {
			isa = PBXGroup;
			children = (
				B7B4ACA41A0A9E38008BA39E /* Sloth_DropTests.swift */,
				B7B4ACA21A0A9E38008BA39E /* Supporting Files */,
			);
			path = "Sloth DropTests";
			sourceTree = "<group>";
		};
		B7B4ACA21A0A9E38008BA39E /* Supporting Files */ = {
			isa = PBXGroup;
			children = (
				B7B4ACA31A0A9E38008BA39E /* Info.plist */,
			);
			name = "Supporting Files";
			sourceTree = "<group>";
		};
		B7B4ACAE1A0AB1D1008BA39E /* Sounds */ = {
			isa = PBXGroup;
			children = (
				B7B4ACAF1A0AB1D1008BA39E /* bomb.mp3 */,
				B7B4ACB01A0AB1D1008BA39E /* drop.mp3 */,
				B7B4ACB11A0AB1D1008BA39E /* gameover.mp3 */,
				B7B4ACB21A0AB1D1008BA39E /* levelup.mp3 */,
				B7B4ACB31A0AB1D1008BA39E /* theme.mp3 */,
			);
			path = Sounds;
			sourceTree = "<group>";
		};
/* End PBXGroup section */

/* Begin PBXNativeTarget section */
		B7B4AC841A0A9E38008BA39E /* Sloth Drop */ = {
			isa = PBXNativeTarget;
			buildConfigurationList = B7B4ACA81A0A9E38008BA39E /* Build configuration list for PBXNativeTarget "Sloth Drop" */;
			buildPhases = (
				B7B4AC811A0A9E38008BA39E /* Sources */,
				B7B4AC821A0A9E38008BA39E /* Frameworks */,
				B7B4AC831A0A9E38008BA39E /* Resources */,
			);
			buildRules = (
			);
			dependencies = (
			);
			name = "Sloth Drop";
			productName = "Sloth Drop";
			productReference = B7B4AC851A0A9E38008BA39E /* Sloth Drop.app */;
			productType = "com.apple.product-type.application";
		};
		B7B4AC9D1A0A9E38008BA39E /* Sloth DropTests */ = {
			isa = PBXNativeTarget;
			buildConfigurationList = B7B4ACAB1A0A9E38008BA39E /* Build configuration list for PBXNativeTarget "Sloth DropTests" */;
			buildPhases = (
				B7B4AC9A1A0A9E38008BA39E /* Sources */,
				B7B4AC9B1A0A9E38008BA39E /* Frameworks */,
				B7B4AC9C1A0A9E38008BA39E /* Resources */,
			);
			buildRules = (
			);
			dependencies = (
				B7B4ACA01A0A9E38008BA39E /* PBXTargetDependency */,
			);
			name = "Sloth DropTests";
			productName = "Sloth DropTests";
			productReference = B7B4AC9E1A0A9E38008BA39E /* Sloth DropTests.xctest */;
			productType = "com.apple.product-type.bundle.unit-test";
		};
/* End PBXNativeTarget section */

/* Begin PBXProject section */
		B7B4AC7D1A0A9E38008BA39E /* Project object */ = {
			isa = PBXProject;
			attributes = {
				LastUpgradeCheck = 0600;
				ORGANIZATIONNAME = "Brian Doore";
				TargetAttributes = {
					B7B4AC841A0A9E38008BA39E = {
						CreatedOnToolsVersion = 6.0.1;
						DevelopmentTeam = 9SSH2YBRD7;
						SystemCapabilities = {
							com.apple.GameCenter = {
								enabled = 1;
							};
						};
					};
					B7B4AC9D1A0A9E38008BA39E = {
						CreatedOnToolsVersion = 6.0.1;
						TestTargetID = B7B4AC841A0A9E38008BA39E;
					};
				};
			};
			buildConfigurationList = B7B4AC801A0A9E38008BA39E /* Build configuration list for PBXProject "Sloth Drop" */;
			compatibilityVersion = "Xcode 3.2";
			developmentRegion = English;
			hasScannedForEncodings = 0;
			knownRegions = (
				en,
				Base,
			);
			mainGroup = B7B4AC7C1A0A9E38008BA39E;
			productRefGroup = B7B4AC861A0A9E38008BA39E /* Products */;
			projectDirPath = "";
			projectRoot = "";
			targets = (
				B7B4AC841A0A9E38008BA39E /* Sloth Drop */,
				B7B4AC9D1A0A9E38008BA39E /* Sloth DropTests */,
			);
		};
/* End PBXProject section */

/* Begin PBXResourcesBuildPhase section */
		B7B4AC831A0A9E38008BA39E /* Resources */ = {
			isa = PBXResourcesBuildPhase;
			buildActionMask = 2147483647;
			files = (
				B7B4AC991A0A9E38008BA39E /* LaunchScreen.xib in Resources */,
				B7B4ACC21A0AB42E008BA39E /* background@2x.png in Resources */,
				B7B4ACC51A0AB42E008BA39E /* whitebg.png in Resources */,
				B7B4ACC41A0AB42E008BA39E /* gameboard@2x.png in Resources */,
				B7B4ACC31A0AB42E008BA39E /* gameboard.png in Resources */,
				B7B4ACC11A0AB42E008BA39E /* background.png in Resources */,
				B7B4ACB51A0AB1D1008BA39E /* drop.mp3 in Resources */,
				B7B4ACC61A0AB42E008BA39E /* whitebg@2x.png in Resources */,
				B7B4ACB81A0AB1D1008BA39E /* theme.mp3 in Resources */,
				B7B4ACB61A0AB1D1008BA39E /* gameover.mp3 in Resources */,
				B7B4AC961A0A9E38008BA39E /* Images.xcassets in Resources */,
				B7B4ACB71A0AB1D1008BA39E /* levelup.mp3 in Resources */,
				B7B4ACBA1A0AB38E008BA39E /* Sprites.atlas in Resources */,
				B7B4ACB41A0AB1D1008BA39E /* bomb.mp3 in Resources */,
				B7B4AC941A0A9E38008BA39E /* Main.storyboard in Resources */,
			);
			runOnlyForDeploymentPostprocessing = 0;
		};
		B7B4AC9C1A0A9E38008BA39E /* Resources */ = {
			isa = PBXResourcesBuildPhase;
			buildActionMask = 2147483647;
			files = (
			);
			runOnlyForDeploymentPostprocessing = 0;
		};
/* End PBXResourcesBuildPhase section */

/* Begin PBXSourcesBuildPhase section */
		B7B4AC811A0A9E38008BA39E /* Sources */ = {
			isa = PBXSourcesBuildPhase;
			buildActionMask = 2147483647;
			files = (
				B7B4ACCE1A0C6C14008BA39E /* SquareShape.swift in Sources */,
				B7B4AC8F1A0A9E38008BA39E /* GameScene.swift in Sources */,
				B7B4ACCC1A0AD74D008BA39E /* Shape.swift in Sources */,
				B7B4ACD61A0C6F8B008BA39E /* JShape.swift in Sources */,
				B7B4ACDC1A0C761C008BA39E /* Swiftris.swift in Sources */,
				B7B4ACE01A11F1BB008BA39E /* ClassicGameViewController.swift in Sources */,
				B7D62F151A1EE4720051310A /* EndGameViewController.swift in Sources */,
				B7B4ACC81A0AC854008BA39E /* Array2D.swift in Sources */,
				B7B4ACD21A0C6E9F008BA39E /* LineShape.swift in Sources */,
				B7B4ACD41A0C6EEE008BA39E /* LShape.swift in Sources */,
				B7B4ACD81A0C701B008BA39E /* SShape.swift in Sources */,
				B7B4ACD01A0C6E4A008BA39E /* TShape.swift in Sources */,
				B7B4ACDE1A0EE7E5008BA39E /* GameSelectViewController.swift in Sources */,
				B7B4ACCA1A0AD0E5008BA39E /* Block.swift in Sources */,
				B7B4AC911A0A9E38008BA39E /* TimedGameViewController.swift in Sources */,
				B7B4ACDA1A0C7031008BA39E /* ZShape.swift in Sources */,
				B7B4AC8B1A0A9E38008BA39E /* AppDelegate.swift in Sources */,
			);
			runOnlyForDeploymentPostprocessing = 0;
		};
		B7B4AC9A1A0A9E38008BA39E /* Sources */ = {
			isa = PBXSourcesBuildPhase;
			buildActionMask = 2147483647;
			files = (
				B7B4ACA51A0A9E38008BA39E /* Sloth_DropTests.swift in Sources */,
			);
			runOnlyForDeploymentPostprocessing = 0;
		};
/* End PBXSourcesBuildPhase section */

/* Begin PBXTargetDependency section */
		B7B4ACA01A0A9E38008BA39E /* PBXTargetDependency */ = {
			isa = PBXTargetDependency;
			target = B7B4AC841A0A9E38008BA39E /* Sloth Drop */;
			targetProxy = B7B4AC9F1A0A9E38008BA39E /* PBXContainerItemProxy */;
		};
/* End PBXTargetDependency section */

/* Begin PBXVariantGroup section */
		B7B4AC921A0A9E38008BA39E /* Main.storyboard */ = {
			isa = PBXVariantGroup;
			children = (
				B7B4AC931A0A9E38008BA39E /* Base */,
			);
			name = Main.storyboard;
			sourceTree = "<group>";
		};
		B7B4AC971A0A9E38008BA39E /* LaunchScreen.xib */ = {
			isa = PBXVariantGroup;
			children = (
				B7B4AC981A0A9E38008BA39E /* Base */,
			);
			name = LaunchScreen.xib;
			sourceTree = "<group>";
		};
/* End PBXVariantGroup section */

/* Begin XCBuildConfiguration section */
		B7B4ACA61A0A9E38008BA39E /* Debug */ = {
			isa = XCBuildConfiguration;
			buildSettings = {
				ALWAYS_SEARCH_USER_PATHS = NO;
				CLANG_CXX_LANGUAGE_STANDARD = "gnu++0x";
				CLANG_CXX_LIBRARY = "libc++";
				CLANG_ENABLE_MODULES = YES;
				CLANG_ENABLE_OBJC_ARC = YES;
				CLANG_WARN_BOOL_CONVERSION = YES;
				CLANG_WARN_CONSTANT_CONVERSION = YES;
				CLANG_WARN_DIRECT_OBJC_ISA_USAGE = YES_ERROR;
				CLANG_WARN_EMPTY_BODY = YES;
				CLANG_WARN_ENUM_CONVERSION = YES;
				CLANG_WARN_INT_CONVERSION = YES;
				CLANG_WARN_OBJC_ROOT_CLASS = YES_ERROR;
				CLANG_WARN_UNREACHABLE_CODE = YES;
				CLANG_WARN__DUPLICATE_METHOD_MATCH = YES;
				"CODE_SIGN_IDENTITY[sdk=iphoneos*]" = "iPhone Developer";
				COPY_PHASE_STRIP = NO;
				ENABLE_STRICT_OBJC_MSGSEND = YES;
				GCC_C_LANGUAGE_STANDARD = gnu99;
				GCC_DYNAMIC_NO_PIC = NO;
				GCC_OPTIMIZATION_LEVEL = 0;
				GCC_PREPROCESSOR_DEFINITIONS = (
					"DEBUG=1",
					"$(inherited)",
				);
				GCC_SYMBOLS_PRIVATE_EXTERN = NO;
				GCC_WARN_64_TO_32_BIT_CONVERSION = YES;
				GCC_WARN_ABOUT_RETURN_TYPE = YES_ERROR;
				GCC_WARN_UNDECLARED_SELECTOR = YES;
				GCC_WARN_UNINITIALIZED_AUTOS = YES_AGGRESSIVE;
				GCC_WARN_UNUSED_FUNCTION = YES;
				GCC_WARN_UNUSED_VARIABLE = YES;
				IPHONEOS_DEPLOYMENT_TARGET = 8.0;
				MTL_ENABLE_DEBUG_INFO = YES;
				ONLY_ACTIVE_ARCH = YES;
				SDKROOT = iphoneos;
				SWIFT_OPTIMIZATION_LEVEL = "-Onone";
			};
			name = Debug;
		};
		B7B4ACA71A0A9E38008BA39E /* Release */ = {
			isa = XCBuildConfiguration;
			buildSettings = {
				ALWAYS_SEARCH_USER_PATHS = NO;
				CLANG_CXX_LANGUAGE_STANDARD = "gnu++0x";
				CLANG_CXX_LIBRARY = "libc++";
				CLANG_ENABLE_MODULES = YES;
				CLANG_ENABLE_OBJC_ARC = YES;
				CLANG_WARN_BOOL_CONVERSION = YES;
				CLANG_WARN_CONSTANT_CONVERSION = YES;
				CLANG_WARN_DIRECT_OBJC_ISA_USAGE = YES_ERROR;
				CLANG_WARN_EMPTY_BODY = YES;
				CLANG_WARN_ENUM_CONVERSION = YES;
				CLANG_WARN_INT_CONVERSION = YES;
				CLANG_WARN_OBJC_ROOT_CLASS = YES_ERROR;
				CLANG_WARN_UNREACHABLE_CODE = YES;
				CLANG_WARN__DUPLICATE_METHOD_MATCH = YES;
				"CODE_SIGN_IDENTITY[sdk=iphoneos*]" = "iPhone Developer";
				COPY_PHASE_STRIP = YES;
				ENABLE_NS_ASSERTIONS = NO;
				ENABLE_STRICT_OBJC_MSGSEND = YES;
				GCC_C_LANGUAGE_STANDARD = gnu99;
				GCC_WARN_64_TO_32_BIT_CONVERSION = YES;
				GCC_WARN_ABOUT_RETURN_TYPE = YES_ERROR;
				GCC_WARN_UNDECLARED_SELECTOR = YES;
				GCC_WARN_UNINITIALIZED_AUTOS = YES_AGGRESSIVE;
				GCC_WARN_UNUSED_FUNCTION = YES;
				GCC_WARN_UNUSED_VARIABLE = YES;
				IPHONEOS_DEPLOYMENT_TARGET = 8.0;
				MTL_ENABLE_DEBUG_INFO = NO;
				SDKROOT = iphoneos;
				VALIDATE_PRODUCT = YES;
			};
			name = Release;
		};
		B7B4ACA91A0A9E38008BA39E /* Debug */ = {
			isa = XCBuildConfiguration;
			buildSettings = {
				ASSETCATALOG_COMPILER_APPICON_NAME = AppIcon;
				CODE_SIGN_IDENTITY = "iPhone Developer";
				"CODE_SIGN_IDENTITY[sdk=iphoneos*]" = "iPhone Developer";
				INFOPLIST_FILE = "Sloth Drop/Info.plist";
				LD_RUNPATH_SEARCH_PATHS = "$(inherited) @executable_path/Frameworks";
				PRODUCT_NAME = "$(TARGET_NAME)";
				PROVISIONING_PROFILE = "";
			};
			name = Debug;
		};
		B7B4ACAA1A0A9E38008BA39E /* Release */ = {
			isa = XCBuildConfiguration;
			buildSettings = {
				ASSETCATALOG_COMPILER_APPICON_NAME = AppIcon;
				CODE_SIGN_IDENTITY = "iPhone Developer";
				"CODE_SIGN_IDENTITY[sdk=iphoneos*]" = "iPhone Developer";
				INFOPLIST_FILE = "Sloth Drop/Info.plist";
				LD_RUNPATH_SEARCH_PATHS = "$(inherited) @executable_path/Frameworks";
				PRODUCT_NAME = "$(TARGET_NAME)";
				PROVISIONING_PROFILE = "";
			};
			name = Release;
		};
		B7B4ACAC1A0A9E38008BA39E /* Debug */ = {
			isa = XCBuildConfiguration;
			buildSettings = {
				BUNDLE_LOADER = "$(TEST_HOST)";
				FRAMEWORK_SEARCH_PATHS = (
					"$(SDKROOT)/Developer/Library/Frameworks",
					"$(inherited)",
				);
				GCC_PREPROCESSOR_DEFINITIONS = (
					"DEBUG=1",
					"$(inherited)",
				);
				INFOPLIST_FILE = "Sloth DropTests/Info.plist";
				LD_RUNPATH_SEARCH_PATHS = "$(inherited) @executable_path/Frameworks @loader_path/Frameworks";
				PRODUCT_NAME = "$(TARGET_NAME)";
				TEST_HOST = "$(BUILT_PRODUCTS_DIR)/Sloth Drop.app/Sloth Drop";
			};
			name = Debug;
		};
		B7B4ACAD1A0A9E38008BA39E /* Release */ = {
			isa = XCBuildConfiguration;
			buildSettings = {
				BUNDLE_LOADER = "$(TEST_HOST)";
				FRAMEWORK_SEARCH_PATHS = (
					"$(SDKROOT)/Developer/Library/Frameworks",
					"$(inherited)",
				);
				INFOPLIST_FILE = "Sloth DropTests/Info.plist";
				LD_RUNPATH_SEARCH_PATHS = "$(inherited) @executable_path/Frameworks @loader_path/Frameworks";
				PRODUCT_NAME = "$(TARGET_NAME)";
				TEST_HOST = "$(BUILT_PRODUCTS_DIR)/Sloth Drop.app/Sloth Drop";
			};
			name = Release;
		};
/* End XCBuildConfiguration section */

/* Begin XCConfigurationList section */
		B7B4AC801A0A9E38008BA39E /* Build configuration list for PBXProject "Sloth Drop" */ = {
			isa = XCConfigurationList;
			buildConfigurations = (
				B7B4ACA61A0A9E38008BA39E /* Debug */,
				B7B4ACA71A0A9E38008BA39E /* Release */,
			);
			defaultConfigurationIsVisible = 0;
			defaultConfigurationName = Release;
		};
		B7B4ACA81A0A9E38008BA39E /* Build configuration list for PBXNativeTarget "Sloth Drop" */ = {
			isa = XCConfigurationList;
			buildConfigurations = (
				B7B4ACA91A0A9E38008BA39E /* Debug */,
				B7B4ACAA1A0A9E38008BA39E /* Release */,
			);
			defaultConfigurationIsVisible = 0;
			defaultConfigurationName = Release;
		};
		B7B4ACAB1A0A9E38008BA39E /* Build configuration list for PBXNativeTarget "Sloth DropTests" */ = {
			isa = XCConfigurationList;
			buildConfigurations = (
				B7B4ACAC1A0A9E38008BA39E /* Debug */,
				B7B4ACAD1A0A9E38008BA39E /* Release */,
			);
			defaultConfigurationIsVisible = 0;
			defaultConfigurationName = Release;
		};
/* End XCConfigurationList section */
	};
	rootObject = B7B4AC7D1A0A9E38008BA39E /* Project object */;
}
